
Microsoft Visual Studio Solution File, Format Version 12.00
# Visual Studio Version 16
VisualStudioVersion = 16.0.28803.202
MinimumVisualStudioVersion = 10.0.40219.1
Project("{FAE04EC0-301F-11D3-BF4B-00C04F79EFBC}") = "SalesWebMVC", "SalesWebMVC\SalesWebMVC.csproj", "{37043EFD-FB0C-487A-81B3-37BC2F414380}"
EndProject
Global
	GlobalSection(SolutionConfigurationPlatforms) = preSolution
		Debug|Any CPU = Debug|Any CPU
		Release|Any CPU = Release|Any CPU
	EndGlobalSection
	GlobalSection(ProjectConfigurationPlatforms) = postSolution
		{37043EFD-FB0C-487A-81B3-37BC2F414380}.Debug|Any CPU.ActiveCfg = Debug|Any CPU
		{37043EFD-FB0C-487A-81B3-37BC2F414380}.Debug|Any CPU.Build.0 = Debug|Any CPU
		{37043EFD-FB0C-487A-81B3-37BC2F414380}.Release|Any CPU.ActiveCfg = Release|Any CPU
		{37043EFD-FB0C-487A-81B3-37BC2F414380}.Release|Any CPU.Build.0 = Release|Any CPU
	EndGlobalSection
	GlobalSection(SolutionProperties) = preSolution
		HideSolutionNode = FALSE
	EndGlobalSection
	GlobalSection(ExtensibilityGlobals) = postSolution
		SolutionGuid = {64AEFA3B-EF7A-4B4A-82E1-84C9C6D994ED}
	EndGlobalSection
EndGlobal
